
Microsoft Visual Studio Solution File, Format Version 12.00
# Visual Studio Version 16
VisualStudioVersion = 16.0.32510.428
MinimumVisualStudioVersion = 10.0.40219.1
Project("{FAE04EC0-301F-11D3-BF4B-00C04F79EFBC}") = "SampleWebApp", "SampleWebApp\SampleWebApp.csproj", "{22398EB4-9338-471C-BCEC-6CB18E77C7CD}"
EndProject
Global
	GlobalSection(SolutionConfigurationPlatforms) = preSolution
		Debug|Any CPU = Debug|Any CPU
		Release|Any CPU = Release|Any CPU
	EndGlobalSection
	GlobalSection(ProjectConfigurationPlatforms) = postSolution
		{22398EB4-9338-471C-BCEC-6CB18E77C7CD}.Debug|Any CPU.ActiveCfg = Debug|Any CPU
		{22398EB4-9338-471C-BCEC-6CB18E77C7CD}.Debug|Any CPU.Build.0 = Debug|Any CPU
		{22398EB4-9338-471C-BCEC-6CB18E77C7CD}.Release|Any CPU.ActiveCfg = Release|Any CPU
		{22398EB4-9338-471C-BCEC-6CB18E77C7CD}.Release|Any CPU.Build.0 = Release|Any CPU
	EndGlobalSection
	GlobalSection(SolutionProperties) = preSolution
		HideSolutionNode = FALSE
	EndGlobalSection
	GlobalSection(ExtensibilityGlobals) = postSolution
		SolutionGuid = {1053D841-25DC-400E-89DE-2489C69D1DBF}
	EndGlobalSection
EndGlobal
